
Microsoft Visual Studio Solution File, Format Version 12.00
# Visual Studio Version 17
VisualStudioVersion = 17.10.34916.146
MinimumVisualStudioVersion = 10.0.40219.1
Project("{FAE04EC0-301F-11D3-BF4B-00C04F79EFBC}") = "Music.Market.Api", "Music.Market.Api\Music.Market.Api.csproj", "{864D51D1-9C3E-4B56-8365-C8E921530A2D}"
EndProject
Project("{FAE04EC0-301F-11D3-BF4B-00C04F79EFBC}") = "Music.Market.Core", "Music.Market.Core\Music.Market.Core.csproj", "{784F018F-81B1-4848-8A2A-325B098B808C}"
EndProject
Project("{FAE04EC0-301F-11D3-BF4B-00C04F79EFBC}") = "Music.Market.Services", "Music.Market.Services\Music.Market.Services.csproj", "{AEDE3171-7985-48ED-9A2B-C2507E2B63C2}"
EndProject
Project("{FAE04EC0-301F-11D3-BF4B-00C04F79EFBC}") = "Music.Market.Data", "Music.Market.Data\Music.Market.Data.csproj", "{764EA605-DC3A-4666-8EED-0516F34C65DB}"
EndProject
Global
	GlobalSection(SolutionConfigurationPlatforms) = preSolution
		Debug|Any CPU = Debug|Any CPU
		Release|Any CPU = Release|Any CPU
	EndGlobalSection
	GlobalSection(ProjectConfigurationPlatforms) = postSolution
		{864D51D1-9C3E-4B56-8365-C8E921530A2D}.Debug|Any CPU.ActiveCfg = Debug|Any CPU
		{864D51D1-9C3E-4B56-8365-C8E921530A2D}.Debug|Any CPU.Build.0 = Debug|Any CPU
		{864D51D1-9C3E-4B56-8365-C8E921530A2D}.Release|Any CPU.ActiveCfg = Release|Any CPU
		{864D51D1-9C3E-4B56-8365-C8E921530A2D}.Release|Any CPU.Build.0 = Release|Any CPU
		{784F018F-81B1-4848-8A2A-325B098B808C}.Debug|Any CPU.ActiveCfg = Debug|Any CPU
		{784F018F-81B1-4848-8A2A-325B098B808C}.Debug|Any CPU.Build.0 = Debug|Any CPU
		{784F018F-81B1-4848-8A2A-325B098B808C}.Release|Any CPU.ActiveCfg = Release|Any CPU
		{784F018F-81B1-4848-8A2A-325B098B808C}.Release|Any CPU.Build.0 = Release|Any CPU
		{AEDE3171-7985-48ED-9A2B-C2507E2B63C2}.Debug|Any CPU.ActiveCfg = Debug|Any CPU
		{AEDE3171-7985-48ED-9A2B-C2507E2B63C2}.Debug|Any CPU.Build.0 = Debug|Any CPU
		{AEDE3171-7985-48ED-9A2B-C2507E2B63C2}.Release|Any CPU.ActiveCfg = Release|Any CPU
		{AEDE3171-7985-48ED-9A2B-C2507E2B63C2}.Release|Any CPU.Build.0 = Release|Any CPU
		{764EA605-DC3A-4666-8EED-0516F34C65DB}.Debug|Any CPU.ActiveCfg = Debug|Any CPU
		{764EA605-DC3A-4666-8EED-0516F34C65DB}.Debug|Any CPU.Build.0 = Debug|Any CPU
		{764EA605-DC3A-4666-8EED-0516F34C65DB}.Release|Any CPU.ActiveCfg = Release|Any CPU
		{764EA605-DC3A-4666-8EED-0516F34C65DB}.Release|Any CPU.Build.0 = Release|Any CPU
	EndGlobalSection
	GlobalSection(SolutionProperties) = preSolution
		HideSolutionNode = FALSE
	EndGlobalSection
	GlobalSection(ExtensibilityGlobals) = postSolution
		SolutionGuid = {B4D00AEE-2AD3-4653-80F1-0A5A353FCE36}
	EndGlobalSection
EndGlobal
